
Microsoft Visual Studio Solution File, Format Version 12.00
Project("{FAE04EC0-301F-11D3-BF4B-00C04F79EFBC}") = "Cassini.Api", "Cassini.Api\Cassini.Api.csproj", "{05989EC8-8162-449B-A284-E2C85C75FA09}"
EndProject
Global
	GlobalSection(SolutionConfigurationPlatforms) = preSolution
		Debug|Any CPU = Debug|Any CPU
		Release|Any CPU = Release|Any CPU
	EndGlobalSection
	GlobalSection(ProjectConfigurationPlatforms) = postSolution
		{05989EC8-8162-449B-A284-E2C85C75FA09}.Debug|Any CPU.ActiveCfg = Debug|Any CPU
		{05989EC8-8162-449B-A284-E2C85C75FA09}.Debug|Any CPU.Build.0 = Debug|Any CPU
		{05989EC8-8162-449B-A284-E2C85C75FA09}.Release|Any CPU.ActiveCfg = Release|Any CPU
		{05989EC8-8162-449B-A284-E2C85C75FA09}.Release|Any CPU.Build.0 = Release|Any CPU
	EndGlobalSection
EndGlobal
